PODS:
  - libextobjc (0.4.5):
    - libextobjc/EXTADT (= 0.4.5)
    - libextobjc/EXTConcreteProtocol (= 0.4.5)
    - libextobjc/EXTKeyPathCoding (= 0.4.5)
    - libextobjc/EXTNil (= 0.4.5)
    - libextobjc/EXTSafeCategory (= 0.4.5)
    - libextobjc/EXTScope (= 0.4.5)
    - libextobjc/EXTSelectorChecking (= 0.4.5)
    - libextobjc/EXTSynthesize (= 0.4.5)
    - libextobjc/NSInvocation+EXT (= 0.4.5)
    - libextobjc/NSMethodSignature+EXT (= 0.4.5)
    - libextobjc/RuntimeExtensions (= 0.4.5)
    - libextobjc/UmbrellaHeader (= 0.4.5)
  - libextobjc/EXTADT (0.4.5):
    - libextobjc/RuntimeExtensions
  - libextobjc/EXTConcreteProtocol (0.4.5):
    - libextobjc/RuntimeExtensions
  - libextobjc/EXTKeyPathCoding (0.4.5):
    - libextobjc/RuntimeExtensions
  - libextobjc/EXTNil (0.4.5):
    - libextobjc/RuntimeExtensions
  - libextobjc/EXTSafeCategory (0.4.5):
    - libextobjc/RuntimeExtensions
  - libextobjc/EXTScope (0.4.5):
    - libextobjc/RuntimeExtensions
  - libextobjc/EXTSelectorChecking (0.4.5):
    - libextobjc/RuntimeExtensions
  - libextobjc/EXTSynthesize (0.4.5):
    - libextobjc/RuntimeExtensions
  - libextobjc/NSInvocation+EXT (0.4.5):
    - libextobjc/RuntimeExtensions
  - libextobjc/NSMethodSignature+EXT (0.4.5):
    - libextobjc/RuntimeExtensions
  - libextobjc/RuntimeExtensions (0.4.5)
  - libextobjc/UmbrellaHeader (0.4.5)
  - Masonry (0.6.4)

DEPENDENCIES:
  - libextobjc (~> 0.4.5)
  - Masonry (~> 0.6.4)

SPEC CHECKSUMS:
  libextobjc: 379354aac08aafd6b3aa9784f95b36e8c2d5bde4
  Masonry: f3a557bf919b1414d9f3d53b85829602522f7b7b

PODFILE CHECKSUM: 43d76f63a3001218bf969b680b39fe3db9706e09

COCOAPODS: 1.1.1
