// !$*UTF8*$!
{
	archiveVersion = 1;
	classes = {
	};
	objectVersion = 46;
	objects = {

/* Begin PBXBuildFile section */
		141122D21DDDC79800BFEA3E /* CameraAViewController.m in Sources */ = {isa = PBXBuildFile; fileRef = 141122D11DDDC79800BFEA3E /* CameraAViewController.m */; };
		141B288E1DDCA9B100216782 /* SystemServiceViewController.m in Sources */ = {isa = PBXBuildFile; fileRef = 141B288D1DDCA9B100216782 /* SystemServiceViewController.m */; };
		1437ABF41DD88F6F0074393B /* ThreadViewController.m in Sources */ = {isa = PBXBuildFile; fileRef = 1437ABF31DD88F6F0074393B /* ThreadViewController.m */; };
		1437ABF81DD98F4D0074393B /* LayoutViewController.m in Sources */ = {isa = PBXBuildFile; fileRef = 1437ABF71DD98F4D0074393B /* LayoutViewController.m */; };
		1437ABFB1DDAB4FB0074393B /* NetworkViewController.m in Sources */ = {isa = PBXBuildFile; fileRef = 1437ABFA1DDAB4FB0074393B /* NetworkViewController.m */; };
		1437AC031DDB072F0074393B /* UIResponder+GA.m in Sources */ = {isa = PBXBuildFile; fileRef = 1437AC021DDB072F0074393B /* UIResponder+GA.m */; };
		1437AC061DDB09850074393B /* UIButton+GA.m in Sources */ = {isa = PBXBuildFile; fileRef = 1437AC051DDB09850074393B /* UIButton+GA.m */; };
		144906B81DD20ECE002183FC /* main.m in Sources */ = {isa = PBXBuildFile; fileRef = 144906B71DD20ECE002183FC /* main.m */; };
		144906BB1DD20ECE002183FC /* AppDelegate.m in Sources */ = {isa = PBXBuildFile; fileRef = 144906BA1DD20ECE002183FC /* AppDelegate.m */; };
		144906BE1DD20ECE002183FC /* TrainningViewController.m in Sources */ = {isa = PBXBuildFile; fileRef = 144906BD1DD20ECE002183FC /* TrainningViewController.m */; };
		144906C11DD20ECE002183FC /* OnePieceViewController.m in Sources */ = {isa = PBXBuildFile; fileRef = 144906C01DD20ECE002183FC /* OnePieceViewController.m */; };
		144906C61DD20ECE002183FC /* Assets.xcassets in Resources */ = {isa = PBXBuildFile; fileRef = 144906C51DD20ECE002183FC /* Assets.xcassets */; };
		144906D21DD21192002183FC /* SettingsViewController.m in Sources */ = {isa = PBXBuildFile; fileRef = 144906D11DD21192002183FC /* SettingsViewController.m */; };
		14CBE0A21DD4C84B00F6DB7F /* UIButtonViewController.m in Sources */ = {isa = PBXBuildFile; fileRef = 14CBE0A11DD4C84B00F6DB7F /* UIButtonViewController.m */; };
		14CBE0A41DD5AA2E00F6DB7F /* data.plist in Resources */ = {isa = PBXBuildFile; fileRef = 14CBE0A31DD5AA2E00F6DB7F /* data.plist */; };
		14CBE0A71DD60A5300F6DB7F /* UILabelViewController.m in Sources */ = {isa = PBXBuildFile; fileRef = 14CBE0A61DD60A5300F6DB7F /* UILabelViewController.m */; };
		14CBE0AE1DD6116B00F6DB7F /* UIAlertControllerViewController.m in Sources */ = {isa = PBXBuildFile; fileRef = 14CBE0AD1DD6116B00F6DB7F /* UIAlertControllerViewController.m */; };
		14CBE0B11DD6117C00F6DB7F /* UIImageViewViewController.m in Sources */ = {isa = PBXBuildFile; fileRef = 14CBE0B01DD6117C00F6DB7F /* UIImageViewViewController.m */; };
		14CBE0B51DD6B81A00F6DB7F /* UITextFieldViewController.m in Sources */ = {isa = PBXBuildFile; fileRef = 14CBE0B41DD6B81A00F6DB7F /* UITextFieldViewController.m */; };
		14F1C63A1DE1B2E100B91388 /* AnimationViewController.m in Sources */ = {isa = PBXBuildFile; fileRef = 14F1C6391DE1B2E100B91388 /* AnimationViewController.m */; };
		14F30D071DD7F68600AF336C /* DataViewController.m in Sources */ = {isa = PBXBuildFile; fileRef = 14F30D061DD7F68600AF336C /* DataViewController.m */; };
		14F30D0A1DD82CD800AF336C /* libsqlite3.0.tbd in Frameworks */ = {isa = PBXBuildFile; fileRef = 14F30D091DD82CD800AF336C /* libsqlite3.0.tbd */; };
		64D04109F6504101F6DD16A3 /* libPods-MyP.a in Frameworks */ = {isa = PBXBuildFile; fileRef = 293DDF684CC7E26523D68AFB /* libPods-MyP.a */; };
/* End PBXBuildFile section */

/* Begin PBXFileReference section */
		0643CD0EC636108844EA65E2 /* Pods-MyP.release.xcconfig */ = {isa = PBXFileReference; includeInIndex = 1; lastKnownFileType = text.xcconfig; name = "Pods-MyP.release.xcconfig"; path = "Pods/Target Support Files/Pods-MyP/Pods-MyP.release.xcconfig"; sourceTree = "<group>"; };
		141122D01DDDC79800BFEA3E /* CameraAViewController.h */ = {isa = PBXFileReference; fileEncoding = 4; lastKnownFileType = sourcecode.c.h; path = CameraAViewController.h; sourceTree = "<group>"; };
		141122D11DDDC79800BFEA3E /* CameraAViewController.m */ = {isa = PBXFileReference; fileEncoding = 4; lastKnownFileType = sourcecode.c.objc; path = CameraAViewController.m; sourceTree = "<group>"; };
		141B288C1DDCA9B100216782 /* SystemServiceViewController.h */ = {isa = PBXFileReference; fileEncoding = 4; lastKnownFileType = sourcecode.c.h; path = SystemServiceViewController.h; sourceTree = "<group>"; };
		141B288D1DDCA9B100216782 /* SystemServiceViewController.m */ = {isa = PBXFileReference; fileEncoding = 4; lastKnownFileType = sourcecode.c.objc; path = SystemServiceViewController.m; sourceTree = "<group>"; };
		1437ABF21DD88F6F0074393B /* ThreadViewController.h */ = {isa = PBXFileReference; fileEncoding = 4; lastKnownFileType = sourcecode.c.h; path = ThreadViewController.h; sourceTree = "<group>"; };
		1437ABF31DD88F6F0074393B /* ThreadViewController.m */ = {isa = PBXFileReference; fileEncoding = 4; lastKnownFileType = sourcecode.c.objc; path = ThreadViewController.m; sourceTree = "<group>"; };
		1437ABF61DD98F4D0074393B /* LayoutViewController.h */ = {isa = PBXFileReference; fileEncoding = 4; lastKnownFileType = sourcecode.c.h; path = LayoutViewController.h; sourceTree = "<group>"; };
		1437ABF71DD98F4D0074393B /* LayoutViewController.m */ = {isa = PBXFileReference; fileEncoding = 4; lastKnownFileType = sourcecode.c.objc; path = LayoutViewController.m; sourceTree = "<group>"; };
		1437ABF91DDAB4FB0074393B /* NetworkViewController.h */ = {isa = PBXFileReference; fileEncoding = 4; lastKnownFileType = sourcecode.c.h; path = NetworkViewController.h; sourceTree = "<group>"; };
		1437ABFA1DDAB4FB0074393B /* NetworkViewController.m */ = {isa = PBXFileReference; fileEncoding = 4; lastKnownFileType = sourcecode.c.objc; path = NetworkViewController.m; sourceTree = "<group>"; };
		1437AC011DDB072F0074393B /* UIResponder+GA.h */ = {isa = PBXFileReference; fileEncoding = 4; lastKnownFileType = sourcecode.c.h; path = "UIResponder+GA.h"; sourceTree = "<group>"; };
		1437AC021DDB072F0074393B /* UIResponder+GA.m */ = {isa = PBXFileReference; fileEncoding = 4; lastKnownFileType = sourcecode.c.objc; path = "UIResponder+GA.m"; sourceTree = "<group>"; };
		1437AC041DDB09850074393B /* UIButton+GA.h */ = {isa = PBXFileReference; fileEncoding = 4; lastKnownFileType = sourcecode.c.h; path = "UIButton+GA.h"; sourceTree = "<group>"; };
		1437AC051DDB09850074393B /* UIButton+GA.m */ = {isa = PBXFileReference; fileEncoding = 4; lastKnownFileType = sourcecode.c.objc; path = "UIButton+GA.m"; sourceTree = "<group>"; };
		144906B31DD20ECE002183FC /* MyP.app */ = {isa = PBXFileReference; explicitFileType = wrapper.application; includeInIndex = 0; path = MyP.app; sourceTree = BUILT_PRODUCTS_DIR; };
		144906B71DD20ECE002183FC /* main.m */ = {isa = PBXFileReference; lastKnownFileType = sourcecode.c.objc; path = main.m; sourceTree = "<group>"; };
		144906B91DD20ECE002183FC /* AppDelegate.h */ = {isa = PBXFileReference; lastKnownFileType = sourcecode.c.h; path = AppDelegate.h; sourceTree = "<group>"; };
		144906BA1DD20ECE002183FC /* AppDelegate.m */ = {isa = PBXFileReference; lastKnownFileType = sourcecode.c.objc; path = AppDelegate.m; sourceTree = "<group>"; };
		144906BC1DD20ECE002183FC /* TrainningViewController.h */ = {isa = PBXFileReference; lastKnownFileType = sourcecode.c.h; path = TrainningViewController.h; sourceTree = "<group>"; };
		144906BD1DD20ECE002183FC /* TrainningViewController.m */ = {isa = PBXFileReference; lastKnownFileType = sourcecode.c.objc; path = TrainningViewController.m; sourceTree = "<group>"; };
		144906BF1DD20ECE002183FC /* OnePieceViewController.h */ = {isa = PBXFileReference; lastKnownFileType = sourcecode.c.h; path = OnePieceViewController.h; sourceTree = "<group>"; };
		144906C01DD20ECE002183FC /* OnePieceViewController.m */ = {isa = PBXFileReference; lastKnownFileType = sourcecode.c.objc; path = OnePieceViewController.m; sourceTree = "<group>"; };
		144906C51DD20ECE002183FC /* Assets.xcassets */ = {isa = PBXFileReference; lastKnownFileType = folder.assetcatalog; path = Assets.xcassets; sourceTree = "<group>"; };
		144906CA1DD20ECE002183FC /* Info.plist */ = {isa = PBXFileReference; lastKnownFileType = text.plist.xml; path = Info.plist; sourceTree = "<group>"; };
		144906D01DD21192002183FC /* SettingsViewController.h */ = {isa = PBXFileReference; fileEncoding = 4; lastKnownFileType = sourcecode.c.h; path = SettingsViewController.h; sourceTree = "<group>"; };
		144906D11DD21192002183FC /* SettingsViewController.m */ = {isa = PBXFileReference; fileEncoding = 4; lastKnownFileType = sourcecode.c.objc; path = SettingsViewController.m; sourceTree = "<group>"; };
		14CBE0A01DD4C84B00F6DB7F /* UIButtonViewController.h */ = {isa = PBXFileReference; fileEncoding = 4; lastKnownFileType = sourcecode.c.h; path = UIButtonViewController.h; sourceTree = "<group>"; };
		14CBE0A11DD4C84B00F6DB7F /* UIButtonViewController.m */ = {isa = PBXFileReference; fileEncoding = 4; lastKnownFileType = sourcecode.c.objc; path = UIButtonViewController.m; sourceTree = "<group>"; };
		14CBE0A31DD5AA2E00F6DB7F /* data.plist */ = {isa = PBXFileReference; fileEncoding = 4; lastKnownFileType = text.plist.xml; path = data.plist; sourceTree = "<group>"; };
		14CBE0A51DD60A5300F6DB7F /* UILabelViewController.h */ = {isa = PBXFileReference; fileEncoding = 4; lastKnownFileType = sourcecode.c.h; path = UILabelViewController.h; sourceTree = "<group>"; };
		14CBE0A61DD60A5300F6DB7F /* UILabelViewController.m */ = {isa = PBXFileReference; fileEncoding = 4; lastKnownFileType = sourcecode.c.objc; path = UILabelViewController.m; sourceTree = "<group>"; };
		14CBE0AC1DD6116B00F6DB7F /* UIAlertControllerViewController.h */ = {isa = PBXFileReference; fileEncoding = 4; lastKnownFileType = sourcecode.c.h; path = UIAlertControllerViewController.h; sourceTree = "<group>"; };
		14CBE0AD1DD6116B00F6DB7F /* UIAlertControllerViewController.m */ = {isa = PBXFileReference; fileEncoding = 4; lastKnownFileType = sourcecode.c.objc; path = UIAlertControllerViewController.m; sourceTree = "<group>"; };
		14CBE0AF1DD6117C00F6DB7F /* UIImageViewViewController.h */ = {isa = PBXFileReference; fileEncoding = 4; lastKnownFileType = sourcecode.c.h; path = UIImageViewViewController.h; sourceTree = "<group>"; };
		14CBE0B01DD6117C00F6DB7F /* UIImageViewViewController.m */ = {isa = PBXFileReference; fileEncoding = 4; lastKnownFileType = sourcecode.c.objc; path = UIImageViewViewController.m; sourceTree = "<group>"; };
		14CBE0B21DD613C400F6DB7F /* JobsConstants.h */ = {isa = PBXFileReference; lastKnownFileType = sourcecode.c.h; path = JobsConstants.h; sourceTree = "<group>"; };
		14CBE0B31DD6B81A00F6DB7F /* UITextFieldViewController.h */ = {isa = PBXFileReference; fileEncoding = 4; lastKnownFileType = sourcecode.c.h; path = UITextFieldViewController.h; sourceTree = "<group>"; };
		14CBE0B41DD6B81A00F6DB7F /* UITextFieldViewController.m */ = {isa = PBXFileReference; fileEncoding = 4; lastKnownFileType = sourcecode.c.objc; path = UITextFieldViewController.m; sourceTree = "<group>"; };
		14F1C6381DE1B2E100B91388 /* AnimationViewController.h */ = {isa = PBXFileReference; fileEncoding = 4; lastKnownFileType = sourcecode.c.h; path = AnimationViewController.h; sourceTree = "<group>"; };
		14F1C6391DE1B2E100B91388 /* AnimationViewController.m */ = {isa = PBXFileReference; fileEncoding = 4; lastKnownFileType = sourcecode.c.objc; path = AnimationViewController.m; sourceTree = "<group>"; };
		14F30D051DD7F68600AF336C /* DataViewController.h */ = {isa = PBXFileReference; fileEncoding = 4; lastKnownFileType = sourcecode.c.h; path = DataViewController.h; sourceTree = "<group>"; };
		14F30D061DD7F68600AF336C /* DataViewController.m */ = {isa = PBXFileReference; fileEncoding = 4; lastKnownFileType = sourcecode.c.objc; path = DataViewController.m; sourceTree = "<group>"; };
		14F30D091DD82CD800AF336C /* libsqlite3.0.tbd */ = {isa = PBXFileReference; lastKnownFileType = "sourcecode.text-based-dylib-definition"; name = libsqlite3.0.tbd; path = usr/lib/libsqlite3.0.tbd; sourceTree = SDKROOT; };
		293DDF684CC7E26523D68AFB /* libPods-MyP.a */ = {isa = PBXFileReference; explicitFileType = archive.ar; includeInIndex = 0; path = "libPods-MyP.a"; sourceTree = BUILT_PRODUCTS_DIR; };
		EBBBB8043E6E0DD88D67D5C8 /* Pods-MyP.debug.xcconfig */ = {isa = PBXFileReference; includeInIndex = 1; lastKnownFileType = text.xcconfig; name = "Pods-MyP.debug.xcconfig"; path = "Pods/Target Support Files/Pods-MyP/Pods-MyP.debug.xcconfig"; sourceTree = "<group>"; };
/* End PBXFileReference section */

/* Begin PBXFrameworksBuildPhase section */
		144906B01DD20ECE002183FC /* Frameworks */ = {
			isa = PBXFrameworksBuildPhase;
			buildActionMask = 2147483647;
			files = (
				14F30D0A1DD82CD800AF336C /* libsqlite3.0.tbd in Frameworks */,
				64D04109F6504101F6DD16A3 /* libPods-MyP.a in Frameworks */,
			);
			runOnlyForDeploymentPostprocessing = 0;
		};
/* End PBXFrameworksBuildPhase section */

/* Begin PBXGroup section */
		141B288B1DDCA99700216782 /* Other */ = {
			isa = PBXGroup;
			children = (
				141B288C1DDCA9B100216782 /* SystemServiceViewController.h */,
				141B288D1DDCA9B100216782 /* SystemServiceViewController.m */,
				141122D01DDDC79800BFEA3E /* CameraAViewController.h */,
				141122D11DDDC79800BFEA3E /* CameraAViewController.m */,
			);
			name = Other;
			sourceTree = "<group>";
		};
		1437ABF51DD98EB30074393B /* UIComponent */ = {
			isa = PBXGroup;
			children = (
				14CBE0A01DD4C84B00F6DB7F /* UIButtonViewController.h */,
				14CBE0A11DD4C84B00F6DB7F /* UIButtonViewController.m */,
				14CBE0A51DD60A5300F6DB7F /* UILabelViewController.h */,
				14CBE0A61DD60A5300F6DB7F /* UILabelViewController.m */,
				14CBE0AC1DD6116B00F6DB7F /* UIAlertControllerViewController.h */,
				14CBE0AD1DD6116B00F6DB7F /* UIAlertControllerViewController.m */,
				14CBE0AF1DD6117C00F6DB7F /* UIImageViewViewController.h */,
				14CBE0B01DD6117C00F6DB7F /* UIImageViewViewController.m */,
				14CBE0B31DD6B81A00F6DB7F /* UITextFieldViewController.h */,
				14CBE0B41DD6B81A00F6DB7F /* UITextFieldViewController.m */,
				1437ABF61DD98F4D0074393B /* LayoutViewController.h */,
				1437ABF71DD98F4D0074393B /* LayoutViewController.m */,
			);
			name = UIComponent;
			sourceTree = "<group>";
		};
		1437ABFF1DDB07060074393B /* OnePiece */ = {
			isa = PBXGroup;
			children = (
				1437AC001DDB07130074393B /* GA */,
			);
			name = OnePiece;
			sourceTree = "<group>";
		};
		1437AC001DDB07130074393B /* GA */ = {
			isa = PBXGroup;
			children = (
				1437AC011DDB072F0074393B /* UIResponder+GA.h */,
				1437AC021DDB072F0074393B /* UIResponder+GA.m */,
				1437AC041DDB09850074393B /* UIButton+GA.h */,
				1437AC051DDB09850074393B /* UIButton+GA.m */,
			);
			name = GA;
			sourceTree = "<group>";
		};
		144906AA1DD20ECE002183FC = {
			isa = PBXGroup;
			children = (
				144906B51DD20ECE002183FC /* MyP */,
				144906B41DD20ECE002183FC /* Products */,
				14F30D081DD82CD800AF336C /* Frameworks */,
				751161EB7510C048F6624B9B /* Pods */,
			);
			sourceTree = "<group>";
		};
		144906B41DD20ECE002183FC /* Products */ = {
			isa = PBXGroup;
			children = (
				144906B31DD20ECE002183FC /* MyP.app */,
			);
			name = Products;
			sourceTree = "<group>";
		};
		144906B51DD20ECE002183FC /* MyP */ = {
			isa = PBXGroup;
			children = (
				141B288B1DDCA99700216782 /* Other */,
				1437ABFF1DDB07060074393B /* OnePiece */,
				14CBE0A81DD60E9300F6DB7F /* Constants */,
				14CBE09F1DD4C81D00F6DB7F /* Trainning */,
				144906B91DD20ECE002183FC /* AppDelegate.h */,
				144906BA1DD20ECE002183FC /* AppDelegate.m */,
				144906BC1DD20ECE002183FC /* TrainningViewController.h */,
				144906BD1DD20ECE002183FC /* TrainningViewController.m */,
				144906BF1DD20ECE002183FC /* OnePieceViewController.h */,
				144906C01DD20ECE002183FC /* OnePieceViewController.m */,
				144906D01DD21192002183FC /* SettingsViewController.h */,
				144906D11DD21192002183FC /* SettingsViewController.m */,
				144906C51DD20ECE002183FC /* Assets.xcassets */,
				144906CA1DD20ECE002183FC /* Info.plist */,
				14CBE0A31DD5AA2E00F6DB7F /* data.plist */,
				144906B61DD20ECE002183FC /* Supporting Files */,
			);
			path = MyP;
			sourceTree = "<group>";
		};
		144906B61DD20ECE002183FC /* Supporting Files */ = {
			isa = PBXGroup;
			children = (
				144906B71DD20ECE002183FC /* main.m */,
			);
			name = "Supporting Files";
			sourceTree = "<group>";
		};
		14CBE09F1DD4C81D00F6DB7F /* Trainning */ = {
			isa = PBXGroup;
			children = (
				1437ABF51DD98EB30074393B /* UIComponent */,
				14F30D041DD7F66500AF336C /* Basic */,
			);
			name = Trainning;
			sourceTree = "<group>";
		};
		14CBE0A81DD60E9300F6DB7F /* Constants */ = {
			isa = PBXGroup;
			children = (
				14CBE0B21DD613C400F6DB7F /* JobsConstants.h */,
			);
			name = Constants;
			sourceTree = "<group>";
		};
		14F30D041DD7F66500AF336C /* Basic */ = {
			isa = PBXGroup;
			children = (
				14F30D051DD7F68600AF336C /* DataViewController.h */,
				14F30D061DD7F68600AF336C /* DataViewController.m */,
				1437ABF21DD88F6F0074393B /* ThreadViewController.h */,
				1437ABF31DD88F6F0074393B /* ThreadViewController.m */,
				1437ABF91DDAB4FB0074393B /* NetworkViewController.h */,
				1437ABFA1DDAB4FB0074393B /* NetworkViewController.m */,
				14F1C6381DE1B2E100B91388 /* AnimationViewController.h */,
				14F1C6391DE1B2E100B91388 /* AnimationViewController.m */,
			);
			name = Basic;
			sourceTree = "<group>";
		};
		14F30D081DD82CD800AF336C /* Frameworks */ = {
			isa = PBXGroup;
			children = (
				14F30D091DD82CD800AF336C /* libsqlite3.0.tbd */,
				293DDF684CC7E26523D68AFB /* libPods-MyP.a */,
			);
			name = Frameworks;
			sourceTree = "<group>";
		};
		751161EB7510C048F6624B9B /* Pods */ = {
			isa = PBXGroup;
			children = (
				EBBBB8043E6E0DD88D67D5C8 /* Pods-MyP.debug.xcconfig */,
				0643CD0EC636108844EA65E2 /* Pods-MyP.release.xcconfig */,
			);
			name = Pods;
			sourceTree = "<group>";
		};
/* End PBXGroup section */

/* Begin PBXNativeTarget section */
		144906B21DD20ECE002183FC /* MyP */ = {
			isa = PBXNativeTarget;
			buildConfigurationList = 144906CD1DD20ECE002183FC /* Build configuration list for PBXNativeTarget "MyP" */;
			buildPhases = (
				8C76EA97CF78867EC72786A2 /* [CP] Check Pods Manifest.lock */,
				144906AF1DD20ECE002183FC /* Sources */,
				144906B01DD20ECE002183FC /* Frameworks */,
				144906B11DD20ECE002183FC /* Resources */,
				07C9C733F91E4B68BA11DB23 /* [CP] Embed Pods Frameworks */,
				090E967CEA4300D7CF95AA25 /* [CP] Copy Pods Resources */,
			);
			buildRules = (
			);
			dependencies = (
			);
			name = MyP;
			productName = MyP;
			productReference = 144906B31DD20ECE002183FC /* MyP.app */;
			productType = "com.apple.product-type.application";
		};
/* End PBXNativeTarget section */

/* Begin PBXProject section */
		144906AB1DD20ECE002183FC /* Project object */ = {
			isa = PBXProject;
			attributes = {
				LastUpgradeCheck = 0810;
				ORGANIZATIONNAME = "李全民";
				TargetAttributes = {
					144906B21DD20ECE002183FC = {
						CreatedOnToolsVersion = 7.3.1;
						DevelopmentTeam = M9H22SZSJS;
					};
				};
			};
			buildConfigurationList = 144906AE1DD20ECE002183FC /* Build configuration list for PBXProject "MyP" */;
			compatibilityVersion = "Xcode 3.2";
			developmentRegion = English;
			hasScannedForEncodings = 0;
			knownRegions = (
				en,
				Base,
			);
			mainGroup = 144906AA1DD20ECE002183FC;
			productRefGroup = 144906B41DD20ECE002183FC /* Products */;
			projectDirPath = "";
			projectRoot = "";
			targets = (
				144906B21DD20ECE002183FC /* MyP */,
			);
		};
/* End PBXProject section */

/* Begin PBXResourcesBuildPhase section */
		144906B11DD20ECE002183FC /* Resources */ = {
			isa = PBXResourcesBuildPhase;
			buildActionMask = 2147483647;
			files = (
				14CBE0A41DD5AA2E00F6DB7F /* data.plist in Resources */,
				144906C61DD20ECE002183FC /* Assets.xcassets in Resources */,
			);
			runOnlyForDeploymentPostprocessing = 0;
		};
/* End PBXResourcesBuildPhase section */

/* Begin PBXShellScriptBuildPhase section */
		07C9C733F91E4B68BA11DB23 /* [CP] Embed Pods Frameworks */ = {
			isa = PBXShellScriptBuildPhase;
			buildActionMask = 2147483647;
			files = (
			);
			inputPaths = (
			);
			name = "[CP] Embed Pods Frameworks";
			outputPaths = (
			);
			runOnlyForDeploymentPostprocessing = 0;
			shellPath = /bin/sh;
			shellScript = "\"${SRCROOT}/Pods/Target Support Files/Pods-MyP/Pods-MyP-frameworks.sh\"\n";
			showEnvVarsInLog = 0;
		};
		090E967CEA4300D7CF95AA25 /* [CP] Copy Pods Resources */ = {
			isa = PBXShellScriptBuildPhase;
			buildActionMask = 2147483647;
			files = (
			);
			inputPaths = (
			);
			name = "[CP] Copy Pods Resources";
			outputPaths = (
			);
			runOnlyForDeploymentPostprocessing = 0;
			shellPath = /bin/sh;
			shellScript = "\"${SRCROOT}/Pods/Target Support Files/Pods-MyP/Pods-MyP-resources.sh\"\n";
			showEnvVarsInLog = 0;
		};
		8C76EA97CF78867EC72786A2 /* [CP] Check Pods Manifest.lock */ = {
			isa = PBXShellScriptBuildPhase;
			buildActionMask = 2147483647;
			files = (
			);
			inputPaths = (
			);
			name = "[CP] Check Pods Manifest.lock";
			outputPaths = (
			);
			runOnlyForDeploymentPostprocessing = 0;
			shellPath = /bin/sh;
			shellScript = "diff \"${PODS_ROOT}/../Podfile.lock\" \"${PODS_ROOT}/Manifest.lock\" > /dev/null\nif [ $? != 0 ] ; then\n    # print error to STDERR\n    echo \"error: The sandbox is not in sync with the Podfile.lock. Run 'pod install' or update your CocoaPods installation.\" >&2\n    exit 1\nfi\n";
			showEnvVarsInLog = 0;
		};
/* End PBXShellScriptBuildPhase section */

/* Begin PBXSourcesBuildPhase section */
		144906AF1DD20ECE002183FC /* Sources */ = {
			isa = PBXSourcesBuildPhase;
			buildActionMask = 2147483647;
			files = (
				1437ABF41DD88F6F0074393B /* ThreadViewController.m in Sources */,
				14CBE0AE1DD6116B00F6DB7F /* UIAlertControllerViewController.m in Sources */,
				144906C11DD20ECE002183FC /* OnePieceViewController.m in Sources */,
				144906BB1DD20ECE002183FC /* AppDelegate.m in Sources */,
				14F1C63A1DE1B2E100B91388 /* AnimationViewController.m in Sources */,
				1437ABF81DD98F4D0074393B /* LayoutViewController.m in Sources */,
				1437AC061DDB09850074393B /* UIButton+GA.m in Sources */,
				1437AC031DDB072F0074393B /* UIResponder+GA.m in Sources */,
				14CBE0A21DD4C84B00F6DB7F /* UIButtonViewController.m in Sources */,
				144906D21DD21192002183FC /* SettingsViewController.m in Sources */,
				144906BE1DD20ECE002183FC /* TrainningViewController.m in Sources */,
				14CBE0B51DD6B81A00F6DB7F /* UITextFieldViewController.m in Sources */,
				1437ABFB1DDAB4FB0074393B /* NetworkViewController.m in Sources */,
				14CBE0B11DD6117C00F6DB7F /* UIImageViewViewController.m in Sources */,
				141B288E1DDCA9B100216782 /* SystemServiceViewController.m in Sources */,
				14CBE0A71DD60A5300F6DB7F /* UILabelViewController.m in Sources */,
				141122D21DDDC79800BFEA3E /* CameraAViewController.m in Sources */,
				14F30D071DD7F68600AF336C /* DataViewController.m in Sources */,
				144906B81DD20ECE002183FC /* main.m in Sources */,
			);
			runOnlyForDeploymentPostprocessing = 0;
		};
/* End PBXSourcesBuildPhase section */

/* Begin XCBuildConfiguration section */
		144906CB1DD20ECE002183FC /* Debug */ = {
			isa = XCBuildConfiguration;
			buildSettings = {
				ALWAYS_SEARCH_USER_PATHS = NO;
				CLANG_ANALYZER_NONNULL = YES;
				CLANG_CXX_LANGUAGE_STANDARD = "gnu++0x";
				CLANG_CXX_LIBRARY = "libc++";
				CLANG_ENABLE_MODULES = YES;
				CLANG_ENABLE_OBJC_ARC = YES;
				CLANG_WARN_BOOL_CONVERSION = YES;
				CLANG_WARN_CONSTANT_CONVERSION = YES;
				CLANG_WARN_DIRECT_OBJC_ISA_USAGE = YES_ERROR;
				CLANG_WARN_EMPTY_BODY = YES;
				CLANG_WARN_ENUM_CONVERSION = YES;
				CLANG_WARN_INFINITE_RECURSION = YES;
				CLANG_WARN_INT_CONVERSION = YES;
				CLANG_WARN_OBJC_ROOT_CLASS = YES_ERROR;
				CLANG_WARN_SUSPICIOUS_MOVE = YES;
				CLANG_WARN_UNREACHABLE_CODE = YES;
				CLANG_WARN__DUPLICATE_METHOD_MATCH = YES;
				"CODE_SIGN_IDENTITY[sdk=iphoneos*]" = "iPhone Developer";
				COPY_PHASE_STRIP = NO;
				DEBUG_INFORMATION_FORMAT = dwarf;
				ENABLE_STRICT_OBJC_MSGSEND = YES;
				ENABLE_TESTABILITY = YES;
				GCC_C_LANGUAGE_STANDARD = gnu99;
				GCC_DYNAMIC_NO_PIC = NO;
				GCC_NO_COMMON_BLOCKS = YES;
				GCC_OPTIMIZATION_LEVEL = 0;
				GCC_PREPROCESSOR_DEFINITIONS = (
					"DEBUG=1",
					"$(inherited)",
				);
				GCC_WARN_64_TO_32_BIT_CONVERSION = YES;
				GCC_WARN_ABOUT_RETURN_TYPE = YES_ERROR;
				GCC_WARN_UNDECLARED_SELECTOR = YES;
				GCC_WARN_UNINITIALIZED_AUTOS = YES_AGGRESSIVE;
				GCC_WARN_UNUSED_FUNCTION = YES;
				GCC_WARN_UNUSED_VARIABLE = YES;
				IPHONEOS_DEPLOYMENT_TARGET = 9.3;
				MTL_ENABLE_DEBUG_INFO = YES;
				ONLY_ACTIVE_ARCH = YES;
				SDKROOT = iphoneos;
			};
			name = Debug;
		};
		144906CC1DD20ECE002183FC /* Release */ = {
			isa = XCBuildConfiguration;
			buildSettings = {
				ALWAYS_SEARCH_USER_PATHS = NO;
				CLANG_ANALYZER_NONNULL = YES;
				CLANG_CXX_LANGUAGE_STANDARD = "gnu++0x";
				CLANG_CXX_LIBRARY = "libc++";
				CLANG_ENABLE_MODULES = YES;
				CLANG_ENABLE_OBJC_ARC = YES;
				CLANG_WARN_BOOL_CONVERSION = YES;
				CLANG_WARN_CONSTANT_CONVERSION = YES;
				CLANG_WARN_DIRECT_OBJC_ISA_USAGE = YES_ERROR;
				CLANG_WARN_EMPTY_BODY = YES;
				CLANG_WARN_ENUM_CONVERSION = YES;
				CLANG_WARN_INFINITE_RECURSION = YES;
				CLANG_WARN_INT_CONVERSION = YES;
				CLANG_WARN_OBJC_ROOT_CLASS = YES_ERROR;
				CLANG_WARN_SUSPICIOUS_MOVE = YES;
				CLANG_WARN_UNREACHABLE_CODE = YES;
				CLANG_WARN__DUPLICATE_METHOD_MATCH = YES;
				"CODE_SIGN_IDENTITY[sdk=iphoneos*]" = "iPhone Developer";
				COPY_PHASE_STRIP = NO;
				DEBUG_INFORMATION_FORMAT = "dwarf-with-dsym";
				ENABLE_NS_ASSERTIONS = NO;
				ENABLE_STRICT_OBJC_MSGSEND = YES;
				GCC_C_LANGUAGE_STANDARD = gnu99;
				GCC_NO_COMMON_BLOCKS = YES;
				GCC_WARN_64_TO_32_BIT_CONVERSION = YES;
				GCC_WARN_ABOUT_RETURN_TYPE = YES_ERROR;
				GCC_WARN_UNDECLARED_SELECTOR = YES;
				GCC_WARN_UNINITIALIZED_AUTOS = YES_AGGRESSIVE;
				GCC_WARN_UNUSED_FUNCTION = YES;
				GCC_WARN_UNUSED_VARIABLE = YES;
				IPHONEOS_DEPLOYMENT_TARGET = 9.3;
				MTL_ENABLE_DEBUG_INFO = NO;
				SDKROOT = iphoneos;
				VALIDATE_PRODUCT = YES;
			};
			name = Release;
		};
		144906CE1DD20ECE002183FC /* Debug */ = {
			isa = XCBuildConfiguration;
			baseConfigurationReference = EBBBB8043E6E0DD88D67D5C8 /* Pods-MyP.debug.xcconfig */;
			buildSettings = {
				ASSETCATALOG_COMPILER_APPICON_NAME = AppIcon;
				DEVELOPMENT_TEAM = M9H22SZSJS;
				INFOPLIST_FILE = MyP/Info.plist;
				LD_RUNPATH_SEARCH_PATHS = "$(inherited) @executable_path/Frameworks";
				PRODUCT_BUNDLE_IDENTIFIER = com.footprint.MyP;
				PRODUCT_NAME = "$(TARGET_NAME)";
			};
			name = Debug;
		};
		144906CF1DD20ECE002183FC /* Release */ = {
			isa = XCBuildConfiguration;
			baseConfigurationReference = 0643CD0EC636108844EA65E2 /* Pods-MyP.release.xcconfig */;
			buildSettings = {
				ASSETCATALOG_COMPILER_APPICON_NAME = AppIcon;
				DEVELOPMENT_TEAM = M9H22SZSJS;
				INFOPLIST_FILE = MyP/Info.plist;
				LD_RUNPATH_SEARCH_PATHS = "$(inherited) @executable_path/Frameworks";
				PRODUCT_BUNDLE_IDENTIFIER = com.footprint.MyP;
				PRODUCT_NAME = "$(TARGET_NAME)";
			};
			name = Release;
		};
/* End XCBuildConfiguration section */

/* Begin XCConfigurationList section */
		144906AE1DD20ECE002183FC /* Build configuration list for PBXProject "MyP" */ = {
			isa = XCConfigurationList;
			buildConfigurations = (
				144906CB1DD20ECE002183FC /* Debug */,
				144906CC1DD20ECE002183FC /* Release */,
			);
			defaultConfigurationIsVisible = 0;
			defaultConfigurationName = Release;
		};
		144906CD1DD20ECE002183FC /* Build configuration list for PBXNativeTarget "MyP" */ = {
			isa = XCConfigurationList;
			buildConfigurations = (
				144906CE1DD20ECE002183FC /* Debug */,
				144906CF1DD20ECE002183FC /* Release */,
			);
			defaultConfigurationIsVisible = 0;
			defaultConfigurationName = Release;
		};
/* End XCConfigurationList section */
	};
	rootObject = 144906AB1DD20ECE002183FC /* Project object */;
}
